
Microsoft Visual Studio Solution File, Format Version 12.00
# Visual Studio 15
VisualStudioVersion = 15.0.27130.2027
MinimumVisualStudioVersion = 10.0.40219.1
Project("{FAE04EC0-301F-11D3-BF4B-00C04F79EFBC}") = "ClientApplicationMVC", "ClientApplicationMVC\ClientApplicationMVC.csproj", "{66A3399A-6866-42C0-90FB-0E07F2930697}"
EndProject
Project("{FAE04EC0-301F-11D3-BF4B-00C04F79EFBC}") = "Messages", "Messages\Messages.csproj", "{50BD35E4-37CC-429D-9326-51B4E7084865}"
EndProject
Project("{FAE04EC0-301F-11D3-BF4B-00C04F79EFBC}") = "AuthenticationService", "AuthenticationService\AuthenticationService.csproj", "{9091E532-2570-46CB-8C44-1B3D7A06E5DF}"
EndProject
Project("{FAE04EC0-301F-11D3-BF4B-00C04F79EFBC}") = "EchoService", "EchoService\EchoService.csproj", "{675CF9B0-47F1-49B8-9A67-87560220FDA8}"
EndProject
Project("{FAE04EC0-301F-11D3-BF4B-00C04F79EFBC}") = "CompanyService", "CompanyService\CompanyService.csproj", "{7F382A89-8339-4948-8871-3BB2018C656A}"
EndProject
Project("{FAE04EC0-301F-11D3-BF4B-00C04F79EFBC}") = "ChatService", "ChatService\ChatService.csproj", "{A7B767B0-9073-4489-B7A6-8181A689C51D}"
EndProject
Project("{FAE04EC0-301F-11D3-BF4B-00C04F79EFBC}") = "WeatherService", "WeatherService\WeatherService.csproj", "{318C892F-A815-402E-8828-4595C30DA4E5}"
EndProject
Global
	GlobalSection(SolutionConfigurationPlatforms) = preSolution
		Debug|Any CPU = Debug|Any CPU
		Release|Any CPU = Release|Any CPU
	EndGlobalSection
	GlobalSection(ProjectConfigurationPlatforms) = postSolution
		{66A3399A-6866-42C0-90FB-0E07F2930697}.Debug|Any CPU.ActiveCfg = Debug|Any CPU
		{66A3399A-6866-42C0-90FB-0E07F2930697}.Debug|Any CPU.Build.0 = Debug|Any CPU
		{66A3399A-6866-42C0-90FB-0E07F2930697}.Release|Any CPU.ActiveCfg = Release|Any CPU
		{66A3399A-6866-42C0-90FB-0E07F2930697}.Release|Any CPU.Build.0 = Release|Any CPU
		{50BD35E4-37CC-429D-9326-51B4E7084865}.Debug|Any CPU.ActiveCfg = Debug|Any CPU
		{50BD35E4-37CC-429D-9326-51B4E7084865}.Debug|Any CPU.Build.0 = Debug|Any CPU
		{50BD35E4-37CC-429D-9326-51B4E7084865}.Release|Any CPU.ActiveCfg = Release|Any CPU
		{50BD35E4-37CC-429D-9326-51B4E7084865}.Release|Any CPU.Build.0 = Release|Any CPU
		{9091E532-2570-46CB-8C44-1B3D7A06E5DF}.Debug|Any CPU.ActiveCfg = Debug|Any CPU
		{9091E532-2570-46CB-8C44-1B3D7A06E5DF}.Debug|Any CPU.Build.0 = Debug|Any CPU
		{9091E532-2570-46CB-8C44-1B3D7A06E5DF}.Release|Any CPU.ActiveCfg = Release|Any CPU
		{9091E532-2570-46CB-8C44-1B3D7A06E5DF}.Release|Any CPU.Build.0 = Release|Any CPU
		{675CF9B0-47F1-49B8-9A67-87560220FDA8}.Debug|Any CPU.ActiveCfg = Debug|Any CPU
		{675CF9B0-47F1-49B8-9A67-87560220FDA8}.Debug|Any CPU.Build.0 = Debug|Any CPU
		{675CF9B0-47F1-49B8-9A67-87560220FDA8}.Release|Any CPU.ActiveCfg = Release|Any CPU
		{675CF9B0-47F1-49B8-9A67-87560220FDA8}.Release|Any CPU.Build.0 = Release|Any CPU
		{7F382A89-8339-4948-8871-3BB2018C656A}.Debug|Any CPU.ActiveCfg = Debug|Any CPU
		{7F382A89-8339-4948-8871-3BB2018C656A}.Debug|Any CPU.Build.0 = Debug|Any CPU
		{7F382A89-8339-4948-8871-3BB2018C656A}.Release|Any CPU.ActiveCfg = Release|Any CPU
		{7F382A89-8339-4948-8871-3BB2018C656A}.Release|Any CPU.Build.0 = Release|Any CPU
		{A7B767B0-9073-4489-B7A6-8181A689C51D}.Debug|Any CPU.ActiveCfg = Debug|Any CPU
		{A7B767B0-9073-4489-B7A6-8181A689C51D}.Debug|Any CPU.Build.0 = Debug|Any CPU
		{A7B767B0-9073-4489-B7A6-8181A689C51D}.Release|Any CPU.ActiveCfg = Release|Any CPU
		{A7B767B0-9073-4489-B7A6-8181A689C51D}.Release|Any CPU.Build.0 = Release|Any CPU
		{318C892F-A815-402E-8828-4595C30DA4E5}.Debug|Any CPU.ActiveCfg = Debug|Any CPU
		{318C892F-A815-402E-8828-4595C30DA4E5}.Debug|Any CPU.Build.0 = Debug|Any CPU
		{318C892F-A815-402E-8828-4595C30DA4E5}.Release|Any CPU.ActiveCfg = Release|Any CPU
		{318C892F-A815-402E-8828-4595C30DA4E5}.Release|Any CPU.Build.0 = Release|Any CPU
	EndGlobalSection
	GlobalSection(SolutionProperties) = preSolution
		HideSolutionNode = FALSE
	EndGlobalSection
	GlobalSection(ExtensibilityGlobals) = postSolution
		SolutionGuid = {3096C8BB-46A8-4989-A9DF-619E5571D09B}
	EndGlobalSection
EndGlobal
